{
  "requires": true,
  "lockfileVersion": 1,
  "dependencies": {
    "big-render": {
      "version": "1.0.1",
      "resolved": "https://registry.npmjs.org/big-render/-/big-render-1.0.1.tgz",
      "integrity": "sha512-F0ljoGizgVks/ZrRDq+dXL/C4UyhFvsHplHXd3mjf7h1DI7Jw5RmZu7CwE8cgOnmnnsz2A0qcLYUrFhpqMP6SA=="
    }
  }
}
